// !$*UTF8*$!
{
	archiveVersion = 1;
	classes = {
	};
	objectVersion = 50;
	objects = {

/* Begin PBXBuildFile section */
		456112CF20CBBF63003CCFAB /* Assets.xcassets in Resources */ = {isa = PBXBuildFile; fileRef = 456112CE20CBBF63003CCFAB /* Assets.xcassets */; };
		456112D120CBBFE6003CCFAB /* MainViewController.swift in Sources */ = {isa = PBXBuildFile; fileRef = 456112D020CBBFE6003CCFAB /* MainViewController.swift */; };
		45EB3FD720CB74790095A4F1 /* AppDelegate.swift in Sources */ = {isa = PBXBuildFile; fileRef = 45EB3FD620CB74790095A4F1 /* AppDelegate.swift */; };
		45EB3FD920CB74790095A4F1 /* ViewController.swift in Sources */ = {isa = PBXBuildFile; fileRef = 45EB3FD820CB74790095A4F1 /* ViewController.swift */; };
		45EB3FDC20CB74790095A4F1 /* Main.storyboard in Resources */ = {isa = PBXBuildFile; fileRef = 45EB3FDA20CB74790095A4F1 /* Main.storyboard */; };
		45EB3FE120CB747F0095A4F1 /* LaunchScreen.storyboard in Resources */ = {isa = PBXBuildFile; fileRef = 45EB3FDF20CB747F0095A4F1 /* LaunchScreen.storyboard */; };
/* End PBXBuildFile section */

/* Begin PBXFileReference section */
		456112CE20CBBF63003CCFAB /* Assets.xcassets */ = {isa = PBXFileReference; lastKnownFileType = folder.assetcatalog; path = Assets.xcassets; sourceTree = "<group>"; };
		456112D020CBBFE6003CCFAB /* MainViewController.swift */ = {isa = PBXFileReference; lastKnownFileType = sourcecode.swift; path = MainViewController.swift; sourceTree = "<group>"; };
		45EB3FD320CB74790095A4F1 /* testday1.app */ = {isa = PBXFileReference; explicitFileType = wrapper.application; includeInIndex = 0; path = testday1.app; sourceTree = BUILT_PRODUCTS_DIR; };
		45EB3FD620CB74790095A4F1 /* AppDelegate.swift */ = {isa = PBXFileReference; lastKnownFileType = sourcecode.swift; path = AppDelegate.swift; sourceTree = "<group>"; };
		45EB3FD820CB74790095A4F1 /* ViewController.swift */ = {isa = PBXFileReference; lastKnownFileType = sourcecode.swift; path = ViewController.swift; sourceTree = "<group>"; };
		45EB3FDB20CB74790095A4F1 /* Base */ = {isa = PBXFileReference; lastKnownFileType = file.storyboard; name = Base; path = Base.lproj/Main.storyboard; sourceTree = "<group>"; };
		45EB3FE020CB747F0095A4F1 /* Base */ = {isa = PBXFileReference; lastKnownFileType = file.storyboard; name = Base; path = Base.lproj/LaunchScreen.storyboard; sourceTree = "<group>"; };
		45EB3FE220CB747F0095A4F1 /* Info.plist */ = {isa = PBXFileReference; lastKnownFileType = text.plist.xml; path = Info.plist; sourceTree = "<group>"; };
/* End PBXFileReference section */

/* Begin PBXFrameworksBuildPhase section */
		45EB3FD020CB74790095A4F1 /* Frameworks */ = {
			isa = PBXFrameworksBuildPhase;
			buildActionMask = 2147483647;
			files = (
			);
			runOnlyForDeploymentPostprocessing = 0;
		};
/* End PBXFrameworksBuildPhase section */

/* Begin PBXGroup section */
		45EB3FCA20CB74780095A4F1 = {
			isa = PBXGroup;
			children = (
				45EB3FD520CB74790095A4F1 /* testday1 */,
				45EB3FD420CB74790095A4F1 /* Products */,
			);
			sourceTree = "<group>";
		};
		45EB3FD420CB74790095A4F1 /* Products */ = {
			isa = PBXGroup;
			children = (
				45EB3FD320CB74790095A4F1 /* testday1.app */,
			);
			name = Products;
			sourceTree = "<group>";
		};
		45EB3FD520CB74790095A4F1 /* testday1 */ = {
			isa = PBXGroup;
			children = (
				45EB3FD620CB74790095A4F1 /* AppDelegate.swift */,
				45EB3FD820CB74790095A4F1 /* ViewController.swift */,
				45EB3FDA20CB74790095A4F1 /* Main.storyboard */,
				456112D020CBBFE6003CCFAB /* MainViewController.swift */,
				456112CE20CBBF63003CCFAB /* Assets.xcassets */,
				45EB3FDF20CB747F0095A4F1 /* LaunchScreen.storyboard */,
				45EB3FE220CB747F0095A4F1 /* Info.plist */,
			);
			path = testday1;
			sourceTree = "<group>";
		};
/* End PBXGroup section */

/* Begin PBXNativeTarget section */
		45EB3FD220CB74790095A4F1 /* testday1 */ = {
			isa = PBXNativeTarget;
			buildConfigurationList = 45EB3FE520CB747F0095A4F1 /* Build configuration list for PBXNativeTarget "testday1" */;
			buildPhases = (
				45EB3FCF20CB74790095A4F1 /* Sources */,
				45EB3FD020CB74790095A4F1 /* Frameworks */,
				45EB3FD120CB74790095A4F1 /* Resources */,
			);
			buildRules = (
			);
			dependencies = (
			);
			name = testday1;
			productName = testday1;
			productReference = 45EB3FD320CB74790095A4F1 /* testday1.app */;
			productType = "com.apple.product-type.application";
		};
/* End PBXNativeTarget section */

/* Begin PBXProject section */
		45EB3FCB20CB74780095A4F1 /* Project object */ = {
			isa = PBXProject;
			attributes = {
				LastSwiftUpdateCheck = 0930;
				LastUpgradeCheck = 0930;
				ORGANIZATIONNAME = "許廷綺";
				TargetAttributes = {
					45EB3FD220CB74790095A4F1 = {
						CreatedOnToolsVersion = 9.3;
					};
				};
			};
			buildConfigurationList = 45EB3FCE20CB74780095A4F1 /* Build configuration list for PBXProject "testday1" */;
			compatibilityVersion = "Xcode 9.3";
			developmentRegion = en;
			hasScannedForEncodings = 0;
			knownRegions = (
				en,
				Base,
			);
			mainGroup = 45EB3FCA20CB74780095A4F1;
			productRefGroup = 45EB3FD420CB74790095A4F1 /* Products */;
			projectDirPath = "";
			projectRoot = "";
			targets = (
				45EB3FD220CB74790095A4F1 /* testday1 */,
			);
		};
/* End PBXProject section */

/* Begin PBXResourcesBuildPhase section */
		45EB3FD120CB74790095A4F1 /* Resources */ = {
			isa = PBXResourcesBuildPhase;
			buildActionMask = 2147483647;
			files = (
				45EB3FE120CB747F0095A4F1 /* LaunchScreen.storyboard in Resources */,
				456112CF20CBBF63003CCFAB /* Assets.xcassets in Resources */,
				45EB3FDC20CB74790095A4F1 /* Main.storyboard in Resources */,
			);
			runOnlyForDeploymentPostprocessing = 0;
		};
/* End PBXResourcesBuildPhase section */

/* Begin PBXSourcesBuildPhase section */
		45EB3FCF20CB74790095A4F1 /* Sources */ = {
			isa = PBXSourcesBuildPhase;
			buildActionMask = 2147483647;
			files = (
				456112D120CBBFE6003CCFAB /* MainViewController.swift in Sources */,
				45EB3FD920CB74790095A4F1 /* ViewController.swift in Sources */,
				45EB3FD720CB74790095A4F1 /* AppDelegate.swift in Sources */,
			);
			runOnlyForDeploymentPostprocessing = 0;
		};
/* End PBXSourcesBuildPhase section */

/* Begin PBXVariantGroup section */
		45EB3FDA20CB74790095A4F1 /* Main.storyboard */ = {
			isa = PBXVariantGroup;
			children = (
				45EB3FDB20CB74790095A4F1 /* Base */,
			);
			name = Main.storyboard;
			sourceTree = "<group>";
		};
		45EB3FDF20CB747F0095A4F1 /* LaunchScreen.storyboard */ = {
			isa = PBXVariantGroup;
			children = (
				45EB3FE020CB747F0095A4F1 /* Base */,
			);
			name = LaunchScreen.storyboard;
			sourceTree = "<group>";
		};
/* End PBXVariantGroup section */

/* Begin XCBuildConfiguration section */
		45EB3FE320CB747F0095A4F1 /* Debug */ = {
			isa = XCBuildConfiguration;
			buildSettings = {
				ALWAYS_SEARCH_USER_PATHS = NO;
				CLANG_ANALYZER_NONNULL = YES;
				CLANG_ANALYZER_NUMBER_OBJECT_CONVERSION = YES_AGGRESSIVE;
				CLANG_CXX_LANGUAGE_STANDARD = "gnu++14";
				CLANG_CXX_LIBRARY = "libc++";
				CLANG_ENABLE_MODULES = YES;
				CLANG_ENABLE_OBJC_ARC = YES;
				CLANG_ENABLE_OBJC_WEAK = YES;
				CLANG_WARN_BLOCK_CAPTURE_AUTORELEASING = YES;
				CLANG_WARN_BOOL_CONVERSION = YES;
				CLANG_WARN_COMMA = YES;
				CLANG_WARN_CONSTANT_CONVERSION = YES;
				CLANG_WARN_DEPRECATED_OBJC_IMPLEMENTATIONS = YES;
				CLANG_WARN_DIRECT_OBJC_ISA_USAGE = YES_ERROR;
				CLANG_WARN_DOCUMENTATION_COMMENTS = YES;
				CLANG_WARN_EMPTY_BODY = YES;
				CLANG_WARN_ENUM_CONVERSION = YES;
				CLANG_WARN_INFINITE_RECURSION = YES;
				CLANG_WARN_INT_CONVERSION = YES;
				CLANG_WARN_NON_LITERAL_NULL_CONVERSION = YES;
				CLANG_WARN_OBJC_IMPLICIT_RETAIN_SELF = YES;
				CLANG_WARN_OBJC_LITERAL_CONVERSION = YES;
				CLANG_WARN_OBJC_ROOT_CLASS = YES_ERROR;
				CLANG_WARN_RANGE_LOOP_ANALYSIS = YES;
				CLANG_WARN_STRICT_PROTOTYPES = YES;
				CLANG_WARN_SUSPICIOUS_MOVE = YES;
				CLANG_WARN_UNGUARDED_AVAILABILITY = YES_AGGRESSIVE;
				CLANG_WARN_UNREACHABLE_CODE = YES;
				CLANG_WARN__DUPLICATE_METHOD_MATCH = YES;
				CODE_SIGN_IDENTITY = "iPhone Developer";
				COPY_PHASE_STRIP = NO;
				DEBUG_INFORMATION_FORMAT = dwarf;
				ENABLE_STRICT_OBJC_MSGSEND = YES;
				ENABLE_TESTABILITY = YES;
				GCC_C_LANGUAGE_STANDARD = gnu11;
				GCC_DYNAMIC_NO_PIC = NO;
				GCC_NO_COMMON_BLOCKS = YES;
				GCC_OPTIMIZATION_LEVEL = 0;
				GCC_PREPROCESSOR_DEFINITIONS = (
					"DEBUG=1",
					"$(inherited)",
				);
				GCC_WARN_64_TO_32_BIT_CONVERSION = YES;
				GCC_WARN_ABOUT_RETURN_TYPE = YES_ERROR;
				GCC_WARN_UNDECLARED_SELECTOR = YES;
				GCC_WARN_UNINITIALIZED_AUTOS = YES_AGGRESSIVE;
				GCC_WARN_UNUSED_FUNCTION = YES;
				GCC_WARN_UNUSED_VARIABLE = YES;
				IPHONEOS_DEPLOYMENT_TARGET = 11.3;
				MTL_ENABLE_DEBUG_INFO = YES;
				ONLY_ACTIVE_ARCH = YES;
				SDKROOT = iphoneos;
				SWIFT_ACTIVE_COMPILATION_CONDITIONS = DEBUG;
				SWIFT_OPTIMIZATION_LEVEL = "-Onone";
			};
			name = Debug;
		};
		45EB3FE420CB747F0095A4F1 /* Release */ = {
			isa = XCBuildConfiguration;
			buildSettings = {
				ALWAYS_SEARCH_USER_PATHS = NO;
				CLANG_ANALYZER_NONNULL = YES;
				CLANG_ANALYZER_NUMBER_OBJECT_CONVERSION = YES_AGGRESSIVE;
				CLANG_CXX_LANGUAGE_STANDARD = "gnu++14";
				CLANG_CXX_LIBRARY = "libc++";
				CLANG_ENABLE_MODULES = YES;
				CLANG_ENABLE_OBJC_ARC = YES;
				CLANG_ENABLE_OBJC_WEAK = YES;
				CLANG_WARN_BLOCK_CAPTURE_AUTORELEASING = YES;
				CLANG_WARN_BOOL_CONVERSION = YES;
				CLANG_WARN_COMMA = YES;
				CLANG_WARN_CONSTANT_CONVERSION = YES;
				CLANG_WARN_DEPRECATED_OBJC_IMPLEMENTATIONS = YES;
				CLANG_WARN_DIRECT_OBJC_ISA_USAGE = YES_ERROR;
				CLANG_WARN_DOCUMENTATION_COMMENTS = YES;
				CLANG_WARN_EMPTY_BODY = YES;
				CLANG_WARN_ENUM_CONVERSION = YES;
				CLANG_WARN_INFINITE_RECURSION = YES;
				CLANG_WARN_INT_CONVERSION = YES;
				CLANG_WARN_NON_LITERAL_NULL_CONVERSION = YES;
				CLANG_WARN_OBJC_IMPLICIT_RETAIN_SELF = YES;
				CLANG_WARN_OBJC_LITERAL_CONVERSION = YES;
				CLANG_WARN_OBJC_ROOT_CLASS = YES_ERROR;
				CLANG_WARN_RANGE_LOOP_ANALYSIS = YES;
				CLANG_WARN_STRICT_PROTOTYPES = YES;
				CLANG_WARN_SUSPICIOUS_MOVE = YES;
				CLANG_WARN_UNGUARDED_AVAILABILITY = YES_AGGRESSIVE;
				CLANG_WARN_UNREACHABLE_CODE = YES;
				CLANG_WARN__DUPLICATE_METHOD_MATCH = YES;
				CODE_SIGN_IDENTITY = "iPhone Developer";
				COPY_PHASE_STRIP = NO;
				DEBUG_INFORMATION_FORMAT = "dwarf-with-dsym";
				ENABLE_NS_ASSERTIONS = NO;
				ENABLE_STRICT_OBJC_MSGSEND = YES;
				GCC_C_LANGUAGE_STANDARD = gnu11;
				GCC_NO_COMMON_BLOCKS = YES;
				GCC_WARN_64_TO_32_BIT_CONVERSION = YES;
				GCC_WARN_ABOUT_RETURN_TYPE = YES_ERROR;
				GCC_WARN_UNDECLARED_SELECTOR = YES;
				GCC_WARN_UNINITIALIZED_AUTOS = YES_AGGRESSIVE;
				GCC_WARN_UNUSED_FUNCTION = YES;
				GCC_WARN_UNUSED_VARIABLE = YES;
				IPHONEOS_DEPLOYMENT_TARGET = 11.3;
				MTL_ENABLE_DEBUG_INFO = NO;
				SDKROOT = iphoneos;
				SWIFT_COMPILATION_MODE = wholemodule;
				SWIFT_OPTIMIZATION_LEVEL = "-O";
				VALIDATE_PRODUCT = YES;
			};
			name = Release;
		};
		45EB3FE620CB747F0095A4F1 /* Debug */ = {
			isa = XCBuildConfiguration;
			buildSettings = {
				ASSETCATALOG_COMPILER_APPICON_NAME = AppIcon;
				CODE_SIGN_STYLE = Automatic;
				DEVELOPMENT_TEAM = L6F46UNTV9;
				INFOPLIST_FILE = testday1/Info.plist;
				IPHONEOS_DEPLOYMENT_TARGET = 10.1;
				LD_RUNPATH_SEARCH_PATHS = (
					"$(inherited)",
					"@executable_path/Frameworks",
				);
				PRODUCT_BUNDLE_IDENTIFIER = com.mathildahsu.testday1;
				PRODUCT_NAME = "$(TARGET_NAME)";
				SWIFT_VERSION = 4.0;
				TARGETED_DEVICE_FAMILY = "1,2";
			};
			name = Debug;
		};
		45EB3FE720CB747F0095A4F1 /* Release */ = {
			isa = XCBuildConfiguration;
			buildSettings = {
				ASSETCATALOG_COMPILER_APPICON_NAME = AppIcon;
				CODE_SIGN_STYLE = Automatic;
				DEVELOPMENT_TEAM = L6F46UNTV9;
				INFOPLIST_FILE = testday1/Info.plist;
				IPHONEOS_DEPLOYMENT_TARGET = 10.1;
				LD_RUNPATH_SEARCH_PATHS = (
					"$(inherited)",
					"@executable_path/Frameworks",
				);
				PRODUCT_BUNDLE_IDENTIFIER = com.mathildahsu.testday1;
				PRODUCT_NAME = "$(TARGET_NAME)";
				SWIFT_VERSION = 4.0;
				TARGETED_DEVICE_FAMILY = "1,2";
			};
			name = Release;
		};
/* End XCBuildConfiguration section */

/* Begin XCConfigurationList section */
		45EB3FCE20CB74780095A4F1 /* Build configuration list for PBXProject "testday1" */ = {
			isa = XCConfigurationList;
			buildConfigurations = (
				45EB3FE320CB747F0095A4F1 /* Debug */,
				45EB3FE420CB747F0095A4F1 /* Release */,
			);
			defaultConfigurationIsVisible = 0;
			defaultConfigurationName = Release;
		};
		45EB3FE520CB747F0095A4F1 /* Build configuration list for PBXNativeTarget "testday1" */ = {
			isa = XCConfigurationList;
			buildConfigurations = (
				45EB3FE620CB747F0095A4F1 /* Debug */,
				45EB3FE720CB747F0095A4F1 /* Release */,
			);
			defaultConfigurationIsVisible = 0;
			defaultConfigurationName = Release;
		};
/* End XCConfigurationList section */
	};
	rootObject = 45EB3FCB20CB74780095A4F1 /* Project object */;
}
